
Microsoft Visual Studio Solution File, Format Version 12.00
# Visual Studio 14
VisualStudioVersion = 14.0.25420.1
MinimumVisualStudioVersion = 10.0.40219.1
Project("{FAE04EC0-301F-11D3-BF4B-00C04F79EFBC}") = "Shared.Logging", "Logging\Shared.Logging.csproj", "{E1592A83-7D72-4947-9D24-B95A6888B05F}"
EndProject
Project("{2150E333-8FDC-42A3-9474-1A3956D46DE8}") = "Logging", "Logging", "{0966A76E-0267-4D2F-8D9E-7431469834B8}"
EndProject
Project("{FAE04EC0-301F-11D3-BF4B-00C04F79EFBC}") = "Tests", "Tests\Tests.csproj", "{1A26C066-0331-4140-8A9D-1D996CA0BE44}"
EndProject
Project("{FAE04EC0-301F-11D3-BF4B-00C04F79EFBC}") = "Shared.Logging.Contract", "LoggingContract\Shared.Logging.Contract.csproj", "{E2965CC5-31D1-4C4E-865D-86BABA8035EB}"
EndProject
Project("{2150E333-8FDC-42A3-9474-1A3956D46DE8}") = "Repository", "Repository", "{C48E7CF9-845C-48CF-93CC-0E29D5003B73}"
EndProject
Project("{2150E333-8FDC-42A3-9474-1A3956D46DE8}") = "Helper", "Helper", "{EB970FCE-589B-4F9F-AAE6-556B0F79AFA2}"
EndProject
Project("{2150E333-8FDC-42A3-9474-1A3956D46DE8}") = "Controller", "Controller", "{41A394D5-571B-45FA-B71B-6AEF62B76283}"
EndProject
Project("{FAE04EC0-301F-11D3-BF4B-00C04F79EFBC}") = "Shared.Controller", "Controller\Shared.Controller.csproj", "{220D3BCD-667F-45D3-A973-B2ACE10A6A22}"
EndProject
Project("{FAE04EC0-301F-11D3-BF4B-00C04F79EFBC}") = "Shared.Controller.Contract", "Controller.Contract\Shared.Controller.Contract.csproj", "{E8744CE5-06A3-40B1-9022-E9065F4B815E}"
EndProject
Project("{FAE04EC0-301F-11D3-BF4B-00C04F79EFBC}") = "Shared.Helper", "Helper\Shared.Helper.csproj", "{D4614FCD-76A6-459D-8A69-CCA9A369D070}"
EndProject
Project("{FAE04EC0-301F-11D3-BF4B-00C04F79EFBC}") = "Shared.Helper.Test", "Helper.Test\Shared.Helper.Test.csproj", "{BF2FD48B-16DC-4075-9B95-BB6DAE84937C}"
EndProject
Project("{FAE04EC0-301F-11D3-BF4B-00C04F79EFBC}") = "Shared.Repository", "Repository\Shared.Repository.csproj", "{799A32CF-7529-4F1E-8B24-5A88150A2411}"
EndProject
Project("{FAE04EC0-301F-11D3-BF4B-00C04F79EFBC}") = "Shared.Repository.Contract", "Repository.Contract\Shared.Repository.Contract.csproj", "{DAE3EC28-B9ED-4EB5-95A5-33D2F8807B2E}"
EndProject
Project("{00D1A9C2-B5F0-4AF3-8072-F6C62B433612}") = "TestingDatabase", "TestingDatabase\TestingDatabase.sqlproj", "{0716C5E9-B9B4-4C87-A29C-C23C809C5A8C}"
EndProject
Global
	GlobalSection(SolutionConfigurationPlatforms) = preSolution
		Debug|Any CPU = Debug|Any CPU
		Release|Any CPU = Release|Any CPU
	EndGlobalSection
	GlobalSection(ProjectConfigurationPlatforms) = postSolution
		{E1592A83-7D72-4947-9D24-B95A6888B05F}.Debug|Any CPU.ActiveCfg = Debug|Any CPU
		{E1592A83-7D72-4947-9D24-B95A6888B05F}.Debug|Any CPU.Build.0 = Debug|Any CPU
		{E1592A83-7D72-4947-9D24-B95A6888B05F}.Release|Any CPU.ActiveCfg = Release|Any CPU
		{E1592A83-7D72-4947-9D24-B95A6888B05F}.Release|Any CPU.Build.0 = Release|Any CPU
		{1A26C066-0331-4140-8A9D-1D996CA0BE44}.Debug|Any CPU.ActiveCfg = Debug|Any CPU
		{1A26C066-0331-4140-8A9D-1D996CA0BE44}.Debug|Any CPU.Build.0 = Debug|Any CPU
		{1A26C066-0331-4140-8A9D-1D996CA0BE44}.Release|Any CPU.ActiveCfg = Release|Any CPU
		{1A26C066-0331-4140-8A9D-1D996CA0BE44}.Release|Any CPU.Build.0 = Release|Any CPU
		{E2965CC5-31D1-4C4E-865D-86BABA8035EB}.Debug|Any CPU.ActiveCfg = Debug|Any CPU
		{E2965CC5-31D1-4C4E-865D-86BABA8035EB}.Debug|Any CPU.Build.0 = Debug|Any CPU
		{E2965CC5-31D1-4C4E-865D-86BABA8035EB}.Release|Any CPU.ActiveCfg = Release|Any CPU
		{E2965CC5-31D1-4C4E-865D-86BABA8035EB}.Release|Any CPU.Build.0 = Release|Any CPU
		{220D3BCD-667F-45D3-A973-B2ACE10A6A22}.Debug|Any CPU.ActiveCfg = Debug|Any CPU
		{220D3BCD-667F-45D3-A973-B2ACE10A6A22}.Debug|Any CPU.Build.0 = Debug|Any CPU
		{220D3BCD-667F-45D3-A973-B2ACE10A6A22}.Release|Any CPU.ActiveCfg = Release|Any CPU
		{220D3BCD-667F-45D3-A973-B2ACE10A6A22}.Release|Any CPU.Build.0 = Release|Any CPU
		{E8744CE5-06A3-40B1-9022-E9065F4B815E}.Debug|Any CPU.ActiveCfg = Debug|Any CPU
		{E8744CE5-06A3-40B1-9022-E9065F4B815E}.Debug|Any CPU.Build.0 = Debug|Any CPU
		{E8744CE5-06A3-40B1-9022-E9065F4B815E}.Release|Any CPU.ActiveCfg = Release|Any CPU
		{E8744CE5-06A3-40B1-9022-E9065F4B815E}.Release|Any CPU.Build.0 = Release|Any CPU
		{D4614FCD-76A6-459D-8A69-CCA9A369D070}.Debug|Any CPU.ActiveCfg = Debug|Any CPU
		{D4614FCD-76A6-459D-8A69-CCA9A369D070}.Debug|Any CPU.Build.0 = Debug|Any CPU
		{D4614FCD-76A6-459D-8A69-CCA9A369D070}.Release|Any CPU.ActiveCfg = Release|Any CPU
		{D4614FCD-76A6-459D-8A69-CCA9A369D070}.Release|Any CPU.Build.0 = Release|Any CPU
		{BF2FD48B-16DC-4075-9B95-BB6DAE84937C}.Debug|Any CPU.ActiveCfg = Debug|Any CPU
		{BF2FD48B-16DC-4075-9B95-BB6DAE84937C}.Debug|Any CPU.Build.0 = Debug|Any CPU
		{BF2FD48B-16DC-4075-9B95-BB6DAE84937C}.Release|Any CPU.ActiveCfg = Release|Any CPU
		{BF2FD48B-16DC-4075-9B95-BB6DAE84937C}.Release|Any CPU.Build.0 = Release|Any CPU
		{799A32CF-7529-4F1E-8B24-5A88150A2411}.Debug|Any CPU.ActiveCfg = Debug|Any CPU
		{799A32CF-7529-4F1E-8B24-5A88150A2411}.Debug|Any CPU.Build.0 = Debug|Any CPU
		{799A32CF-7529-4F1E-8B24-5A88150A2411}.Release|Any CPU.ActiveCfg = Release|Any CPU
		{799A32CF-7529-4F1E-8B24-5A88150A2411}.Release|Any CPU.Build.0 = Release|Any CPU
		{DAE3EC28-B9ED-4EB5-95A5-33D2F8807B2E}.Debug|Any CPU.ActiveCfg = Debug|Any CPU
		{DAE3EC28-B9ED-4EB5-95A5-33D2F8807B2E}.Debug|Any CPU.Build.0 = Debug|Any CPU
		{DAE3EC28-B9ED-4EB5-95A5-33D2F8807B2E}.Release|Any CPU.ActiveCfg = Release|Any CPU
		{DAE3EC28-B9ED-4EB5-95A5-33D2F8807B2E}.Release|Any CPU.Build.0 = Release|Any CPU
		{0716C5E9-B9B4-4C87-A29C-C23C809C5A8C}.Debug|Any CPU.ActiveCfg = Debug|Any CPU
		{0716C5E9-B9B4-4C87-A29C-C23C809C5A8C}.Debug|Any CPU.Build.0 = Debug|Any CPU
		{0716C5E9-B9B4-4C87-A29C-C23C809C5A8C}.Debug|Any CPU.Deploy.0 = Debug|Any CPU
		{0716C5E9-B9B4-4C87-A29C-C23C809C5A8C}.Release|Any CPU.ActiveCfg = Release|Any CPU
		{0716C5E9-B9B4-4C87-A29C-C23C809C5A8C}.Release|Any CPU.Build.0 = Release|Any CPU
		{0716C5E9-B9B4-4C87-A29C-C23C809C5A8C}.Release|Any CPU.Deploy.0 = Release|Any CPU
	EndGlobalSection
	GlobalSection(SolutionProperties) = preSolution
		HideSolutionNode = FALSE
	EndGlobalSection
	GlobalSection(NestedProjects) = preSolution
		{E1592A83-7D72-4947-9D24-B95A6888B05F} = {0966A76E-0267-4D2F-8D9E-7431469834B8}
		{E2965CC5-31D1-4C4E-865D-86BABA8035EB} = {0966A76E-0267-4D2F-8D9E-7431469834B8}
		{220D3BCD-667F-45D3-A973-B2ACE10A6A22} = {41A394D5-571B-45FA-B71B-6AEF62B76283}
		{E8744CE5-06A3-40B1-9022-E9065F4B815E} = {41A394D5-571B-45FA-B71B-6AEF62B76283}
		{D4614FCD-76A6-459D-8A69-CCA9A369D070} = {EB970FCE-589B-4F9F-AAE6-556B0F79AFA2}
		{BF2FD48B-16DC-4075-9B95-BB6DAE84937C} = {EB970FCE-589B-4F9F-AAE6-556B0F79AFA2}
		{799A32CF-7529-4F1E-8B24-5A88150A2411} = {C48E7CF9-845C-48CF-93CC-0E29D5003B73}
		{DAE3EC28-B9ED-4EB5-95A5-33D2F8807B2E} = {C48E7CF9-845C-48CF-93CC-0E29D5003B73}
	EndGlobalSection
EndGlobal
